
Microsoft Visual Studio Solution File, Format Version 12.00
# Visual Studio Version 16
VisualStudioVersion = 16.0.31515.178
MinimumVisualStudioVersion = 10.0.40219.1
Project("{9A19103F-16F7-4668-BE54-9A1E7A4F7556}") = "MogoTerminal", "MogoTerminal\MogoTerminal.csproj", "{E2A3ACCE-0511-44EF-B353-E1B480B08B33}"
EndProject
Project("{FAE04EC0-301F-11D3-BF4B-00C04F79EFBC}") = "UnitTest", "UnitTest\UnitTest.csproj", "{1BC0604D-E8D7-4B5A-BF2B-E674D19B7160}"
EndProject
Global
	GlobalSection(SolutionConfigurationPlatforms) = preSolution
		Debug|Any CPU = Debug|Any CPU
		Release|Any CPU = Release|Any CPU
	EndGlobalSection
	GlobalSection(ProjectConfigurationPlatforms) = postSolution
		{E2A3ACCE-0511-44EF-B353-E1B480B08B33}.Debug|Any CPU.ActiveCfg = Debug|Any CPU
		{E2A3ACCE-0511-44EF-B353-E1B480B08B33}.Debug|Any CPU.Build.0 = Debug|Any CPU
		{E2A3ACCE-0511-44EF-B353-E1B480B08B33}.Release|Any CPU.ActiveCfg = Release|Any CPU
		{E2A3ACCE-0511-44EF-B353-E1B480B08B33}.Release|Any CPU.Build.0 = Release|Any CPU
		{1BC0604D-E8D7-4B5A-BF2B-E674D19B7160}.Debug|Any CPU.ActiveCfg = Debug|Any CPU
		{1BC0604D-E8D7-4B5A-BF2B-E674D19B7160}.Debug|Any CPU.Build.0 = Debug|Any CPU
		{1BC0604D-E8D7-4B5A-BF2B-E674D19B7160}.Release|Any CPU.ActiveCfg = Release|Any CPU
		{1BC0604D-E8D7-4B5A-BF2B-E674D19B7160}.Release|Any CPU.Build.0 = Release|Any CPU
	EndGlobalSection
	GlobalSection(SolutionProperties) = preSolution
		HideSolutionNode = FALSE
	EndGlobalSection
	GlobalSection(ExtensibilityGlobals) = postSolution
		SolutionGuid = {512CD11D-1E28-4154-B36E-4CD5DEFF675E}
	EndGlobalSection
EndGlobal
